
Microsoft Visual Studio Solution File, Format Version 12.00
# Visual Studio Version 16
VisualStudioVersion = 16.0.30611.23
MinimumVisualStudioVersion = 10.0.40219.1
Project("{FAE04EC0-301F-11D3-BF4B-00C04F79EFBC}") = "AgencyBack", "AgencyBack\AgencyBack.csproj", "{4883C4F5-B80F-44A1-B8BC-BB155AF764DD}"
EndProject
Global
	GlobalSection(SolutionConfigurationPlatforms) = preSolution
		Debug|Any CPU = Debug|Any CPU
		Release|Any CPU = Release|Any CPU
	EndGlobalSection
	GlobalSection(ProjectConfigurationPlatforms) = postSolution
		{4883C4F5-B80F-44A1-B8BC-BB155AF764DD}.Debug|Any CPU.ActiveCfg = Debug|Any CPU
		{4883C4F5-B80F-44A1-B8BC-BB155AF764DD}.Debug|Any CPU.Build.0 = Debug|Any CPU
		{4883C4F5-B80F-44A1-B8BC-BB155AF764DD}.Release|Any CPU.ActiveCfg = Release|Any CPU
		{4883C4F5-B80F-44A1-B8BC-BB155AF764DD}.Release|Any CPU.Build.0 = Release|Any CPU
	EndGlobalSection
	GlobalSection(SolutionProperties) = preSolution
		HideSolutionNode = FALSE
	EndGlobalSection
	GlobalSection(ExtensibilityGlobals) = postSolution
		SolutionGuid = {26194AE2-E3EE-42C7-879F-66EC0BC324B5}
	EndGlobalSection
EndGlobal
